// !$*UTF8*$!
{
	archiveVersion = 1;
	classes = {
	};
	objectVersion = 50;
	objects = {

/* Begin PBXBuildFile section */
		C00ED70D2132F1300044374B /* GoogleService-Info.plist in Resources */ = {isa = PBXBuildFile; fileRef = C00ED70C2132F1300044374B /* GoogleService-Info.plist */; };
		C0A472B62132EF7D0004D7C2 /* AppDelegate.swift in Sources */ = {isa = PBXBuildFile; fileRef = C0A472B52132EF7D0004D7C2 /* AppDelegate.swift */; };
		C0A472B82132EF7D0004D7C2 /* ViewController.swift in Sources */ = {isa = PBXBuildFile; fileRef = C0A472B72132EF7D0004D7C2 /* ViewController.swift */; };
		C0A472BB2132EF7D0004D7C2 /* Main.storyboard in Resources */ = {isa = PBXBuildFile; fileRef = C0A472B92132EF7D0004D7C2 /* Main.storyboard */; };
		C0A472BD2132EF7E0004D7C2 /* Assets.xcassets in Resources */ = {isa = PBXBuildFile; fileRef = C0A472BC2132EF7E0004D7C2 /* Assets.xcassets */; };
		C0A472C02132EF7E0004D7C2 /* LaunchScreen.storyboard in Resources */ = {isa = PBXBuildFile; fileRef = C0A472BE2132EF7E0004D7C2 /* LaunchScreen.storyboard */; };
		D937353557FC441CBB32703F /* Pods_Firestore_RxSwift_Sample.framework in Frameworks */ = {isa = PBXBuildFile; fileRef = 428021E41682C5C185F9B87F /* Pods_Firestore_RxSwift_Sample.framework */; };
/* End PBXBuildFile section */

/* Begin PBXFileReference section */
		428021E41682C5C185F9B87F /* Pods_Firestore_RxSwift_Sample.framework */ = {isa = PBXFileReference; explicitFileType = wrapper.framework; includeInIndex = 0; path = Pods_Firestore_RxSwift_Sample.framework; sourceTree = BUILT_PRODUCTS_DIR; };
		9EF5A61078F5F80CA0B69855 /* Pods-Firestore RxSwift Sample.release.xcconfig */ = {isa = PBXFileReference; includeInIndex = 1; lastKnownFileType = text.xcconfig; name = "Pods-Firestore RxSwift Sample.release.xcconfig"; path = "Pods/Target Support Files/Pods-Firestore RxSwift Sample/Pods-Firestore RxSwift Sample.release.xcconfig"; sourceTree = "<group>"; };
		C00ED70C2132F1300044374B /* GoogleService-Info.plist */ = {isa = PBXFileReference; fileEncoding = 4; lastKnownFileType = text.plist.xml; path = "GoogleService-Info.plist"; sourceTree = "<group>"; };
		C0A472B22132EF7D0004D7C2 /* Firestore RxSwift Sample.app */ = {isa = PBXFileReference; explicitFileType = wrapper.application; includeInIndex = 0; path = "Firestore RxSwift Sample.app"; sourceTree = BUILT_PRODUCTS_DIR; };
		C0A472B52132EF7D0004D7C2 /* AppDelegate.swift */ = {isa = PBXFileReference; lastKnownFileType = sourcecode.swift; path = AppDelegate.swift; sourceTree = "<group>"; };
		C0A472B72132EF7D0004D7C2 /* ViewController.swift */ = {isa = PBXFileReference; lastKnownFileType = sourcecode.swift; path = ViewController.swift; sourceTree = "<group>"; };
		C0A472BA2132EF7D0004D7C2 /* Base */ = {isa = PBXFileReference; lastKnownFileType = file.storyboard; name = Base; path = Base.lproj/Main.storyboard; sourceTree = "<group>"; };
		C0A472BC2132EF7E0004D7C2 /* Assets.xcassets */ = {isa = PBXFileReference; lastKnownFileType = folder.assetcatalog; path = Assets.xcassets; sourceTree = "<group>"; };
		C0A472BF2132EF7E0004D7C2 /* Base */ = {isa = PBXFileReference; lastKnownFileType = file.storyboard; name = Base; path = Base.lproj/LaunchScreen.storyboard; sourceTree = "<group>"; };
		C0A472C12132EF7E0004D7C2 /* Info.plist */ = {isa = PBXFileReference; lastKnownFileType = text.plist.xml; path = Info.plist; sourceTree = "<group>"; };
		CB77BAC9CECD9B31C25E9590 /* Pods-Firestore RxSwift Sample.debug.xcconfig */ = {isa = PBXFileReference; includeInIndex = 1; lastKnownFileType = text.xcconfig; name = "Pods-Firestore RxSwift Sample.debug.xcconfig"; path = "Pods/Target Support Files/Pods-Firestore RxSwift Sample/Pods-Firestore RxSwift Sample.debug.xcconfig"; sourceTree = "<group>"; };
/* End PBXFileReference section */

/* Begin PBXFrameworksBuildPhase section */
		C0A472AF2132EF7D0004D7C2 /* Frameworks */ = {
			isa = PBXFrameworksBuildPhase;
			buildActionMask = 2147483647;
			files = (
				D937353557FC441CBB32703F /* Pods_Firestore_RxSwift_Sample.framework in Frameworks */,
			);
			runOnlyForDeploymentPostprocessing = 0;
		};
/* End PBXFrameworksBuildPhase section */

/* Begin PBXGroup section */
		5767DBA8F9E2B11A3A4D53AF /* Frameworks */ = {
			isa = PBXGroup;
			children = (
				428021E41682C5C185F9B87F /* Pods_Firestore_RxSwift_Sample.framework */,
			);
			name = Frameworks;
			sourceTree = "<group>";
		};
		7AEB12D1F28620B2FFCC41EC /* Pods */ = {
			isa = PBXGroup;
			children = (
				CB77BAC9CECD9B31C25E9590 /* Pods-Firestore RxSwift Sample.debug.xcconfig */,
				9EF5A61078F5F80CA0B69855 /* Pods-Firestore RxSwift Sample.release.xcconfig */,
			);
			name = Pods;
			sourceTree = "<group>";
		};
		C0A472A92132EF7D0004D7C2 = {
			isa = PBXGroup;
			children = (
				C0A472B42132EF7D0004D7C2 /* Firestore RxSwift Sample */,
				C0A472B32132EF7D0004D7C2 /* Products */,
				7AEB12D1F28620B2FFCC41EC /* Pods */,
				5767DBA8F9E2B11A3A4D53AF /* Frameworks */,
			);
			sourceTree = "<group>";
		};
		C0A472B32132EF7D0004D7C2 /* Products */ = {
			isa = PBXGroup;
			children = (
				C0A472B22132EF7D0004D7C2 /* Firestore RxSwift Sample.app */,
			);
			name = Products;
			sourceTree = "<group>";
		};
		C0A472B42132EF7D0004D7C2 /* Firestore RxSwift Sample */ = {
			isa = PBXGroup;
			children = (
				C0A472B52132EF7D0004D7C2 /* AppDelegate.swift */,
				C0A472B72132EF7D0004D7C2 /* ViewController.swift */,
				C0A472B92132EF7D0004D7C2 /* Main.storyboard */,
				C0A472BC2132EF7E0004D7C2 /* Assets.xcassets */,
				C0A472BE2132EF7E0004D7C2 /* LaunchScreen.storyboard */,
				C0A472C12132EF7E0004D7C2 /* Info.plist */,
				C00ED70C2132F1300044374B /* GoogleService-Info.plist */,
			);
			path = "Firestore RxSwift Sample";
			sourceTree = "<group>";
		};
/* End PBXGroup section */

/* Begin PBXNativeTarget section */
		C0A472B12132EF7D0004D7C2 /* Firestore RxSwift Sample */ = {
			isa = PBXNativeTarget;
			buildConfigurationList = C0A472C42132EF7E0004D7C2 /* Build configuration list for PBXNativeTarget "Firestore RxSwift Sample" */;
			buildPhases = (
				229F5A2FFD77F31E1BE39E0B /* [CP] Check Pods Manifest.lock */,
				C0A472AE2132EF7D0004D7C2 /* Sources */,
				C0A472AF2132EF7D0004D7C2 /* Frameworks */,
				C0A472B02132EF7D0004D7C2 /* Resources */,
				67E395BF7D271D9C230652FE /* [CP] Embed Pods Frameworks */,
			);
			buildRules = (
			);
			dependencies = (
			);
			name = "Firestore RxSwift Sample";
			productName = "Firestore RxSwift Sample";
			productReference = C0A472B22132EF7D0004D7C2 /* Firestore RxSwift Sample.app */;
			productType = "com.apple.product-type.application";
		};
/* End PBXNativeTarget section */

/* Begin PBXProject section */
		C0A472AA2132EF7D0004D7C2 /* Project object */ = {
			isa = PBXProject;
			attributes = {
				LastSwiftUpdateCheck = 0940;
				LastUpgradeCheck = 0940;
				ORGANIZATIONNAME = oogatta;
				TargetAttributes = {
					C0A472B12132EF7D0004D7C2 = {
						CreatedOnToolsVersion = 9.4.1;
					};
				};
			};
			buildConfigurationList = C0A472AD2132EF7D0004D7C2 /* Build configuration list for PBXProject "Firestore RxSwift Sample" */;
			compatibilityVersion = "Xcode 9.3";
			developmentRegion = en;
			hasScannedForEncodings = 0;
			knownRegions = (
				en,
				Base,
			);
			mainGroup = C0A472A92132EF7D0004D7C2;
			productRefGroup = C0A472B32132EF7D0004D7C2 /* Products */;
			projectDirPath = "";
			projectRoot = "";
			targets = (
				C0A472B12132EF7D0004D7C2 /* Firestore RxSwift Sample */,
			);
		};
/* End PBXProject section */

/* Begin PBXResourcesBuildPhase section */
		C0A472B02132EF7D0004D7C2 /* Resources */ = {
			isa = PBXResourcesBuildPhase;
			buildActionMask = 2147483647;
			files = (
				C0A472C02132EF7E0004D7C2 /* LaunchScreen.storyboard in Resources */,
				C00ED70D2132F1300044374B /* GoogleService-Info.plist in Resources */,
				C0A472BD2132EF7E0004D7C2 /* Assets.xcassets in Resources */,
				C0A472BB2132EF7D0004D7C2 /* Main.storyboard in Resources */,
			);
			runOnlyForDeploymentPostprocessing = 0;
		};
/* End PBXResourcesBuildPhase section */

/* Begin PBXShellScriptBuildPhase section */
		229F5A2FFD77F31E1BE39E0B /* [CP] Check Pods Manifest.lock */ = {
			isa = PBXShellScriptBuildPhase;
			buildActionMask = 2147483647;
			files = (
			);
			inputPaths = (
				"${PODS_PODFILE_DIR_PATH}/Podfile.lock",
				"${PODS_ROOT}/Manifest.lock",
			);
			name = "[CP] Check Pods Manifest.lock";
			outputPaths = (
				"$(DERIVED_FILE_DIR)/Pods-Firestore RxSwift Sample-checkManifestLockResult.txt",
			);
			runOnlyForDeploymentPostprocessing = 0;
			shellPath = /bin/sh;
			shellScript = "diff \"${PODS_PODFILE_DIR_PATH}/Podfile.lock\" \"${PODS_ROOT}/Manifest.lock\" > /dev/null\nif [ $? != 0 ] ; then\n    # print error to STDERR\n    echo \"error: The sandbox is not in sync with the Podfile.lock. Run 'pod install' or update your CocoaPods installation.\" >&2\n    exit 1\nfi\n# This output is used by Xcode 'outputs' to avoid re-running this script phase.\necho \"SUCCESS\" > \"${SCRIPT_OUTPUT_FILE_0}\"\n";
			showEnvVarsInLog = 0;
		};
		67E395BF7D271D9C230652FE /* [CP] Embed Pods Frameworks */ = {
			isa = PBXShellScriptBuildPhase;
			buildActionMask = 2147483647;
			files = (
			);
			inputPaths = (
				"${SRCROOT}/Pods/Target Support Files/Pods-Firestore RxSwift Sample/Pods-Firestore RxSwift Sample-frameworks.sh",
				"${BUILT_PRODUCTS_DIR}/BoringSSL/openssl.framework",
				"${BUILT_PRODUCTS_DIR}/GoogleToolboxForMac/GoogleToolboxForMac.framework",
				"${BUILT_PRODUCTS_DIR}/Protobuf/Protobuf.framework",
				"${BUILT_PRODUCTS_DIR}/RxCocoa/RxCocoa.framework",
				"${BUILT_PRODUCTS_DIR}/RxSwift/RxSwift.framework",
				"${BUILT_PRODUCTS_DIR}/gRPC/GRPCClient.framework",
				"${BUILT_PRODUCTS_DIR}/gRPC-Core/grpc.framework",
				"${BUILT_PRODUCTS_DIR}/gRPC-ProtoRPC/ProtoRPC.framework",
				"${BUILT_PRODUCTS_DIR}/gRPC-RxLibrary/RxLibrary.framework",
				"${BUILT_PRODUCTS_DIR}/leveldb-library/leveldb.framework",
				"${BUILT_PRODUCTS_DIR}/nanopb/nanopb.framework",
			);
			name = "[CP] Embed Pods Frameworks";
			outputPaths = (
				"${TARGET_BUILD_DIR}/${FRAMEWORKS_FOLDER_PATH}/openssl.framework",
				"${TARGET_BUILD_DIR}/${FRAMEWORKS_FOLDER_PATH}/GoogleToolboxForMac.framework",
				"${TARGET_BUILD_DIR}/${FRAMEWORKS_FOLDER_PATH}/Protobuf.framework",
				"${TARGET_BUILD_DIR}/${FRAMEWORKS_FOLDER_PATH}/RxCocoa.framework",
				"${TARGET_BUILD_DIR}/${FRAMEWORKS_FOLDER_PATH}/RxSwift.framework",
				"${TARGET_BUILD_DIR}/${FRAMEWORKS_FOLDER_PATH}/GRPCClient.framework",
				"${TARGET_BUILD_DIR}/${FRAMEWORKS_FOLDER_PATH}/grpc.framework",
				"${TARGET_BUILD_DIR}/${FRAMEWORKS_FOLDER_PATH}/ProtoRPC.framework",
				"${TARGET_BUILD_DIR}/${FRAMEWORKS_FOLDER_PATH}/RxLibrary.framework",
				"${TARGET_BUILD_DIR}/${FRAMEWORKS_FOLDER_PATH}/leveldb.framework",
				"${TARGET_BUILD_DIR}/${FRAMEWORKS_FOLDER_PATH}/nanopb.framework",
			);
			runOnlyForDeploymentPostprocessing = 0;
			shellPath = /bin/sh;
			shellScript = "\"${SRCROOT}/Pods/Target Support Files/Pods-Firestore RxSwift Sample/Pods-Firestore RxSwift Sample-frameworks.sh\"\n";
			showEnvVarsInLog = 0;
		};
/* End PBXShellScriptBuildPhase section */

/* Begin PBXSourcesBuildPhase section */
		C0A472AE2132EF7D0004D7C2 /* Sources */ = {
			isa = PBXSourcesBuildPhase;
			buildActionMask = 2147483647;
			files = (
				C0A472B82132EF7D0004D7C2 /* ViewController.swift in Sources */,
				C0A472B62132EF7D0004D7C2 /* AppDelegate.swift in Sources */,
			);
			runOnlyForDeploymentPostprocessing = 0;
		};
/* End PBXSourcesBuildPhase section */

/* Begin PBXVariantGroup section */
		C0A472B92132EF7D0004D7C2 /* Main.storyboard */ = {
			isa = PBXVariantGroup;
			children = (
				C0A472BA2132EF7D0004D7C2 /* Base */,
			);
			name = Main.storyboard;
			sourceTree = "<group>";
		};
		C0A472BE2132EF7E0004D7C2 /* LaunchScreen.storyboard */ = {
			isa = PBXVariantGroup;
			children = (
				C0A472BF2132EF7E0004D7C2 /* Base */,
			);
			name = LaunchScreen.storyboard;
			sourceTree = "<group>";
		};
/* End PBXVariantGroup section */

/* Begin XCBuildConfiguration section */
		C0A472C22132EF7E0004D7C2 /* Debug */ = {
			isa = XCBuildConfiguration;
			buildSettings = {
				ALWAYS_SEARCH_USER_PATHS = NO;
				CLANG_ANALYZER_NONNULL = YES;
				CLANG_ANALYZER_NUMBER_OBJECT_CONVERSION = YES_AGGRESSIVE;
				CLANG_CXX_LANGUAGE_STANDARD = "gnu++14";
				CLANG_CXX_LIBRARY = "libc++";
				CLANG_ENABLE_MODULES = YES;
				CLANG_ENABLE_OBJC_ARC = YES;
				CLANG_ENABLE_OBJC_WEAK = YES;
				CLANG_WARN_BLOCK_CAPTURE_AUTORELEASING = YES;
				CLANG_WARN_BOOL_CONVERSION = YES;
				CLANG_WARN_COMMA = YES;
				CLANG_WARN_CONSTANT_CONVERSION = YES;
				CLANG_WARN_DEPRECATED_OBJC_IMPLEMENTATIONS = YES;
				CLANG_WARN_DIRECT_OBJC_ISA_USAGE = YES_ERROR;
				CLANG_WARN_DOCUMENTATION_COMMENTS = YES;
				CLANG_WARN_EMPTY_BODY = YES;
				CLANG_WARN_ENUM_CONVERSION = YES;
				CLANG_WARN_INFINITE_RECURSION = YES;
				CLANG_WARN_INT_CONVERSION = YES;
				CLANG_WARN_NON_LITERAL_NULL_CONVERSION = YES;
				CLANG_WARN_OBJC_IMPLICIT_RETAIN_SELF = YES;
				CLANG_WARN_OBJC_LITERAL_CONVERSION = YES;
				CLANG_WARN_OBJC_ROOT_CLASS = YES_ERROR;
				CLANG_WARN_RANGE_LOOP_ANALYSIS = YES;
				CLANG_WARN_STRICT_PROTOTYPES = YES;
				CLANG_WARN_SUSPICIOUS_MOVE = YES;
				CLANG_WARN_UNGUARDED_AVAILABILITY = YES_AGGRESSIVE;
				CLANG_WARN_UNREACHABLE_CODE = YES;
				CLANG_WARN__DUPLICATE_METHOD_MATCH = YES;
				CODE_SIGN_IDENTITY = "iPhone Developer";
				COPY_PHASE_STRIP = NO;
				DEBUG_INFORMATION_FORMAT = dwarf;
				ENABLE_STRICT_OBJC_MSGSEND = YES;
				ENABLE_TESTABILITY = YES;
				GCC_C_LANGUAGE_STANDARD = gnu11;
				GCC_DYNAMIC_NO_PIC = NO;
				GCC_NO_COMMON_BLOCKS = YES;
				GCC_OPTIMIZATION_LEVEL = 0;
				GCC_PREPROCESSOR_DEFINITIONS = (
					"DEBUG=1",
					"$(inherited)",
				);
				GCC_WARN_64_TO_32_BIT_CONVERSION = YES;
				GCC_WARN_ABOUT_RETURN_TYPE = YES_ERROR;
				GCC_WARN_UNDECLARED_SELECTOR = YES;
				GCC_WARN_UNINITIALIZED_AUTOS = YES_AGGRESSIVE;
				GCC_WARN_UNUSED_FUNCTION = YES;
				GCC_WARN_UNUSED_VARIABLE = YES;
				IPHONEOS_DEPLOYMENT_TARGET = 11.4;
				MTL_ENABLE_DEBUG_INFO = YES;
				ONLY_ACTIVE_ARCH = YES;
				SDKROOT = iphoneos;
				SWIFT_ACTIVE_COMPILATION_CONDITIONS = DEBUG;
				SWIFT_OPTIMIZATION_LEVEL = "-Onone";
			};
			name = Debug;
		};
		C0A472C32132EF7E0004D7C2 /* Release */ = {
			isa = XCBuildConfiguration;
			buildSettings = {
				ALWAYS_SEARCH_USER_PATHS = NO;
				CLANG_ANALYZER_NONNULL = YES;
				CLANG_ANALYZER_NUMBER_OBJECT_CONVERSION = YES_AGGRESSIVE;
				CLANG_CXX_LANGUAGE_STANDARD = "gnu++14";
				CLANG_CXX_LIBRARY = "libc++";
				CLANG_ENABLE_MODULES = YES;
				CLANG_ENABLE_OBJC_ARC = YES;
				CLANG_ENABLE_OBJC_WEAK = YES;
				CLANG_WARN_BLOCK_CAPTURE_AUTORELEASING = YES;
				CLANG_WARN_BOOL_CONVERSION = YES;
				CLANG_WARN_COMMA = YES;
				CLANG_WARN_CONSTANT_CONVERSION = YES;
				CLANG_WARN_DEPRECATED_OBJC_IMPLEMENTATIONS = YES;
				CLANG_WARN_DIRECT_OBJC_ISA_USAGE = YES_ERROR;
				CLANG_WARN_DOCUMENTATION_COMMENTS = YES;
				CLANG_WARN_EMPTY_BODY = YES;
				CLANG_WARN_ENUM_CONVERSION = YES;
				CLANG_WARN_INFINITE_RECURSION = YES;
				CLANG_WARN_INT_CONVERSION = YES;
				CLANG_WARN_NON_LITERAL_NULL_CONVERSION = YES;
				CLANG_WARN_OBJC_IMPLICIT_RETAIN_SELF = YES;
				CLANG_WARN_OBJC_LITERAL_CONVERSION = YES;
				CLANG_WARN_OBJC_ROOT_CLASS = YES_ERROR;
				CLANG_WARN_RANGE_LOOP_ANALYSIS = YES;
				CLANG_WARN_STRICT_PROTOTYPES = YES;
				CLANG_WARN_SUSPICIOUS_MOVE = YES;
				CLANG_WARN_UNGUARDED_AVAILABILITY = YES_AGGRESSIVE;
				CLANG_WARN_UNREACHABLE_CODE = YES;
				CLANG_WARN__DUPLICATE_METHOD_MATCH = YES;
				CODE_SIGN_IDENTITY = "iPhone Developer";
				COPY_PHASE_STRIP = NO;
				DEBUG_INFORMATION_FORMAT = "dwarf-with-dsym";
				ENABLE_NS_ASSERTIONS = NO;
				ENABLE_STRICT_OBJC_MSGSEND = YES;
				GCC_C_LANGUAGE_STANDARD = gnu11;
				GCC_NO_COMMON_BLOCKS = YES;
				GCC_WARN_64_TO_32_BIT_CONVERSION = YES;
				GCC_WARN_ABOUT_RETURN_TYPE = YES_ERROR;
				GCC_WARN_UNDECLARED_SELECTOR = YES;
				GCC_WARN_UNINITIALIZED_AUTOS = YES_AGGRESSIVE;
				GCC_WARN_UNUSED_FUNCTION = YES;
				GCC_WARN_UNUSED_VARIABLE = YES;
				IPHONEOS_DEPLOYMENT_TARGET = 11.4;
				MTL_ENABLE_DEBUG_INFO = NO;
				SDKROOT = iphoneos;
				SWIFT_COMPILATION_MODE = wholemodule;
				SWIFT_OPTIMIZATION_LEVEL = "-O";
				VALIDATE_PRODUCT = YES;
			};
			name = Release;
		};
		C0A472C52132EF7E0004D7C2 /* Debug */ = {
			isa = XCBuildConfiguration;
			baseConfigurationReference = CB77BAC9CECD9B31C25E9590 /* Pods-Firestore RxSwift Sample.debug.xcconfig */;
			buildSettings = {
				ASSETCATALOG_COMPILER_APPICON_NAME = AppIcon;
				CODE_SIGN_STYLE = Automatic;
				INFOPLIST_FILE = "Firestore RxSwift Sample/Info.plist";
				LD_RUNPATH_SEARCH_PATHS = (
					"$(inherited)",
					"@executable_path/Frameworks",
				);
				PRODUCT_BUNDLE_IDENTIFIER = "com.oogatta.Firestore-RxSwift-Sample";
				PRODUCT_NAME = "$(TARGET_NAME)";
				SWIFT_VERSION = 4.0;
				TARGETED_DEVICE_FAMILY = "1,2";
			};
			name = Debug;
		};
		C0A472C62132EF7E0004D7C2 /* Release */ = {
			isa = XCBuildConfiguration;
			baseConfigurationReference = 9EF5A61078F5F80CA0B69855 /* Pods-Firestore RxSwift Sample.release.xcconfig */;
			buildSettings = {
				ASSETCATALOG_COMPILER_APPICON_NAME = AppIcon;
				CODE_SIGN_STYLE = Automatic;
				INFOPLIST_FILE = "Firestore RxSwift Sample/Info.plist";
				LD_RUNPATH_SEARCH_PATHS = (
					"$(inherited)",
					"@executable_path/Frameworks",
				);
				PRODUCT_BUNDLE_IDENTIFIER = "com.oogatta.Firestore-RxSwift-Sample";
				PRODUCT_NAME = "$(TARGET_NAME)";
				SWIFT_VERSION = 4.0;
				TARGETED_DEVICE_FAMILY = "1,2";
			};
			name = Release;
		};
/* End XCBuildConfiguration section */

/* Begin XCConfigurationList section */
		C0A472AD2132EF7D0004D7C2 /* Build configuration list for PBXProject "Firestore RxSwift Sample" */ = {
			isa = XCConfigurationList;
			buildConfigurations = (
				C0A472C22132EF7E0004D7C2 /* Debug */,
				C0A472C32132EF7E0004D7C2 /* Release */,
			);
			defaultConfigurationIsVisible = 0;
			defaultConfigurationName = Release;
		};
		C0A472C42132EF7E0004D7C2 /* Build configuration list for PBXNativeTarget "Firestore RxSwift Sample" */ = {
			isa = XCConfigurationList;
			buildConfigurations = (
				C0A472C52132EF7E0004D7C2 /* Debug */,
				C0A472C62132EF7E0004D7C2 /* Release */,
			);
			defaultConfigurationIsVisible = 0;
			defaultConfigurationName = Release;
		};
/* End XCConfigurationList section */
	};
	rootObject = C0A472AA2132EF7D0004D7C2 /* Project object */;
}
